
Microsoft Visual Studio Solution File, Format Version 12.00
# Visual Studio Version 17
VisualStudioVersion = 17.6.33829.357
MinimumVisualStudioVersion = 10.0.40219.1
Project("{FAE04EC0-301F-11D3-BF4B-00C04F79EFBC}") = "TodosApi", "TodosApi\TodosApi.csproj", "{C32DB7CA-8527-4D7E-8C03-81E91A238653}"
EndProject
Global
	GlobalSection(SolutionConfigurationPlatforms) = preSolution
		Debug|Any CPU = Debug|Any CPU
		Release|Any CPU = Release|Any CPU
	EndGlobalSection
	GlobalSection(ProjectConfigurationPlatforms) = postSolution
		{C32DB7CA-8527-4D7E-8C03-81E91A238653}.Debug|Any CPU.ActiveCfg = Debug|Any CPU
		{C32DB7CA-8527-4D7E-8C03-81E91A238653}.Debug|Any CPU.Build.0 = Debug|Any CPU
		{C32DB7CA-8527-4D7E-8C03-81E91A238653}.Release|Any CPU.ActiveCfg = Release|Any CPU
		{C32DB7CA-8527-4D7E-8C03-81E91A238653}.Release|Any CPU.Build.0 = Release|Any CPU
	EndGlobalSection
	GlobalSection(SolutionProperties) = preSolution
		HideSolutionNode = FALSE
	EndGlobalSection
	GlobalSection(ExtensibilityGlobals) = postSolution
		SolutionGuid = {30C6989E-336A-45A2-AD12-949975366CC0}
	EndGlobalSection
EndGlobal
